{
  "R": {
    "Version": "4.2.2",
    "Repositories": [
      {
        "Name": "CRAN",
        "URL": "https://cloud.r-project.org"
      },
      {
        "Name": "rstudio",
        "URL": "https://rstudio.r-universe.dev"
      },
      {
        "Name": "ropensci",
        "URL": "https://ropensci.r-universe.dev"
      },
      {
        "Name": "yihui",
        "URL": "https://yihui.r-universe.dev"
      },
      {
        "Name": "gadenbuie",
        "URL": "https://gadenbuie.r-universe.dev"
      },
      {
        "Name": "rforge",
        "URL": "https://r-forge.r-universe.dev"
      },
      {
        "Name": "rlib",
        "URL": "https://r-lib.r-universe.dev"
      },
      {
        "Name": "tidymodels",
        "URL": "https://tidymodels.r-universe.dev"
      },
      {
        "Name": "tidyverse",
        "URL": "https://tidyverse.r-universe.dev"
      }
    ]
  },
  "Packages": {
    "KernSmooth": {
      "Package": "KernSmooth",
      "Version": "2.23-20",
      "Source": "Repository",
      "Repository": "CRAN",
      "Requirements": [
        "R",
        "stats"
      ],
      "Hash": "8dcfa99b14c296bc9f1fd64d52fd3ce7"
    },
    "MASS": {
      "Package": "MASS",
      "Version": "7.3-58.1",
      "Source": "Repository",
      "Repository": "CRAN",
      "Requirements": [
        "R",
        "grDevices",
        "graphics",
        "methods",
        "stats",
        "utils"
      ],
      "Hash": "762e1804143a332333c054759f89a706"
    },
    "Matrix": {
      "Package": "Matrix",
      "Version": "1.5-4",
      "Source": "Repository",
      "Repository": "https://r-forge.r-universe.dev",
      "RemoteUrl": "https://github.com/r-forge/matrix",
      "RemoteRef": "HEAD",
      "RemoteSha": "3589abb3a5b5cfb0b680a5867531f7920ec1146e",
      "Requirements": [
        "R",
        "graphics",
        "grid",
        "lattice",
        "methods",
        "stats",
        "utils"
      ],
      "Hash": "e779c7d9f35cc364438578f334cffee2"
    },
    "R6": {
      "Package": "R6",
      "Version": "2.5.1.9000",
      "Source": "Repository",
      "Repository": "https://r-lib.r-universe.dev",
      "RemoteType": "repository",
      "RemoteUrl": "https://github.com/r-lib/r6",
      "RemoteRef": "HEAD",
      "RemoteSha": "abcf0444df007b807c013182d5c5e6c0cbb2b219",
      "Requirements": [
        "R"
      ],
      "Hash": "3f423b562a86ef73c115a35cc761bded"
    },
    "base64enc": {
      "Package": "base64enc",
      "Version": "0.1-3",
      "Source": "Repository",
      "Repository": "CRAN",
      "Requirements": [
        "R"
      ],
      "Hash": "543776ae6848fde2f48ff3816d0628bc"
    },
    "boot": {
      "Package": "boot",
      "Version": "1.3-28.1",
      "Source": "Repository",
      "Repository": "CRAN",
      "Requirements": [
        "R",
        "graphics",
        "stats"
      ],
      "Hash": "9a052fbcbe97a98ceb18dbfd30ebd96e"
    },
    "bslib": {
      "Package": "bslib",
      "Version": "0.4.2.9000",
      "Source": "Repository",
      "Repository": "https://rstudio.r-universe.dev",
      "RemoteUrl": "https://github.com/rstudio/bslib",
      "RemoteRef": "HEAD",
      "RemoteSha": "014b082a66464e2b0953558698d0ae73a4e09158",
      "Requirements": [
        "R",
        "base64enc",
        "cachem",
        "grDevices",
        "htmltools",
        "jquerylib",
        "jsonlite",
        "memoise",
        "mime",
        "rlang",
        "sass"
      ],
      "Hash": "b867f2cac8dd7f2951ba90d919818dfc"
    },
    "cachem": {
      "Package": "cachem",
      "Version": "1.0.6.9000",
      "Source": "Repository",
      "Repository": "https://r-lib.r-universe.dev",
      "RemoteType": "repository",
      "RemoteUrl": "https://github.com/r-lib/cachem",
      "RemoteRef": "HEAD",
      "RemoteSha": "7b9d764d8c57618d136f46c6e4145dac83ecb0bd",
      "Requirements": [
        "fastmap",
        "rlang"
      ],
      "Hash": "4f2abfa9379f6798c1ee33a065da674b"
    },
    "class": {
      "Package": "class",
      "Version": "7.3-20",
      "Source": "Repository",
      "Repository": "CRAN",
      "Requirements": [
        "MASS",
        "R",
        "stats",
        "utils"
      ],
      "Hash": "da09d82223e669d270e47ed24ac8686e"
    },
    "cli": {
      "Package": "cli",
      "Version": "3.4.1.9000",
      "Source": "Repository",
      "Repository": "https://r-lib.r-universe.dev",
      "RemoteUrl": "https://github.com/r-lib/cli",
      "RemoteRef": "HEAD",
      "RemoteSha": "5454fcb32b5fd1568a15eedcc5b6a145546efb06",
      "Requirements": [
        "R",
        "utils"
      ],
      "Hash": "7ef72d5078b98a11ec73459eb0fb7184"
    },
    "cluster": {
      "Package": "cluster",
      "Version": "2.1.4",
      "Source": "Repository",
      "Repository": "CRAN",
      "Requirements": [
        "R",
        "grDevices",
        "graphics",
        "stats",
        "utils"
      ],
      "Hash": "5edbbabab6ce0bf7900a74fd4358628e"
    },
    "codetools": {
      "Package": "codetools",
      "Version": "0.2-18",
      "Source": "Repository",
      "Repository": "CRAN",
      "Requirements": [
        "R"
      ],
      "Hash": "019388fc48e48b3da0d3a76ff94608a8"
    },
    "digest": {
      "Package": "digest",
      "Version": "0.6.31",
      "Source": "Repository",
      "Repository": "CRAN",
      "Requirements": [
        "R",
        "utils"
      ],
      "Hash": "8b708f296afd9ae69f450f9640be8990"
    },
    "ellipsis": {
      "Package": "ellipsis",
      "Version": "0.3.2.9000",
      "Source": "Repository",
      "Repository": "https://r-lib.r-universe.dev",
      "RemoteType": "repository",
      "RemoteUrl": "https://github.com/r-lib/ellipsis",
      "RemoteRef": "HEAD",
      "RemoteSha": "55fe5b861529bad3e9fe93650b48064cb2345c50",
      "Requirements": [
        "R",
        "rlang"
      ],
      "Hash": "8446c0bd7c40fab80d758257d189f21e"
    },
    "evaluate": {
      "Package": "evaluate",
      "Version": "0.19.1",
      "Source": "Repository",
      "Repository": "https://r-lib.r-universe.dev",
      "RemoteUrl": "https://github.com/r-lib/evaluate",
      "RemoteRef": "HEAD",
      "RemoteSha": "33f2c80c77f11dc586f7c134a3fa568735d3f1b0",
      "Requirements": [
        "R",
        "methods"
      ],
      "Hash": "c35f40fab581d1e883689887219416f9"
    },
    "fastmap": {
      "Package": "fastmap",
      "Version": "1.1.0.9000",
      "Source": "Repository",
      "Repository": "https://r-lib.r-universe.dev",
      "RemoteUrl": "https://github.com/r-lib/fastmap",
      "RemoteRef": "fastmap",
      "RemoteSha": "1.1.0.9000",
      "RemoteType": "standard",
      "RemotePkgRef": "fastmap",
      "RemoteRepos": "https://r-lib.r-universe.dev",
      "RemotePkgPlatform": "x86_64-apple-darwin17.0",
      "Requirements": [],
      "Hash": "370a9db7846ce69052fe6f8b8767b40f"
    },
    "foreign": {
      "Package": "foreign",
      "Version": "0.8-84",
      "Source": "Repository",
      "Repository": "CRAN",
      "Requirements": [
        "R",
        "methods",
        "stats",
        "utils"
      ],
      "Hash": "467ec0ca895d4e61a22cfbac9bccddf8"
    },
    "fs": {
      "Package": "fs",
      "Version": "1.5.2.9000",
      "Source": "Repository",
      "Repository": "https://r-lib.r-universe.dev",
      "RemoteUrl": "https://github.com/r-lib/fs",
      "RemoteRef": "HEAD",
      "RemoteSha": "e7d98c4c6abb15d885804c622317e6ee313a1524",
      "Requirements": [
        "R",
        "methods"
      ],
      "Hash": "ff7928af56e4d23f62947293eaea74fb"
    },
    "glue": {
      "Package": "glue",
      "Version": "1.6.2.9000",
      "Source": "Repository",
      "Repository": "https://tidyverse.r-universe.dev",
      "RemoteUrl": "https://github.com/tidyverse/glue",
      "RemoteRef": "HEAD",
      "RemoteSha": "d47d6c7701f738f8647b951df418cfd5e6a7bf76",
      "Requirements": [
        "R",
        "methods"
      ],
      "Hash": "d530abf57e8becd58f2b13e2e648f2ea"
    },
    "highr": {
      "Package": "highr",
      "Version": "0.9.1",
      "Source": "Repository",
      "Repository": "https://yihui.r-universe.dev",
      "RemoteType": "repository",
      "RemoteUrl": "https://github.com/yihui/highr",
      "RemoteRef": "HEAD",
      "RemoteSha": "bb7bf6b356d4918e3b8da7372d7921ce9b761109",
      "Requirements": [
        "R",
        "xfun"
      ],
      "Hash": "1ce8870797da42c6a86eb50da359b3b9"
    },
    "htmltools": {
      "Package": "htmltools",
      "Version": "0.5.4.9000",
      "Source": "Repository",
      "Repository": "https://rstudio.r-universe.dev",
      "RemoteUrl": "https://github.com/rstudio/htmltools",
      "RemoteRef": "HEAD",
      "RemoteSha": "f53be17c9a9a4d4f25eb786074331ad7f1d88e08",
      "Requirements": [
        "R",
        "base64enc",
        "digest",
        "ellipsis",
        "fastmap",
        "grDevices",
        "rlang",
        "utils"
      ],
      "Hash": "69992d028df5ac02d1bd2f1f3c1f7d57"
    },
    "jquerylib": {
      "Package": "jquerylib",
      "Version": "0.1.4",
      "Source": "Repository",
      "Repository": "CRAN",
      "RemoteType": "standard",
      "RemotePkgRef": "jquerylib",
      "RemoteRef": "jquerylib",
      "RemoteRepos": "https://cloud.r-project.org",
      "RemotePkgPlatform": "x86_64-apple-darwin17.0",
      "RemoteSha": "0.1.4",
      "Requirements": [
        "htmltools"
      ],
      "Hash": "5aab57a3bd297eee1c1d862735972182"
    },
    "jsonlite": {
      "Package": "jsonlite",
      "Version": "1.8.4",
      "Source": "Repository",
      "Repository": "CRAN",
      "Requirements": [
        "methods"
      ],
      "Hash": "a4269a09a9b865579b2635c77e572374"
    },
    "knitr": {
      "Package": "knitr",
      "Version": "1.41.2",
      "Source": "Repository",
      "Repository": "https://yihui.r-universe.dev",
      "RemoteUrl": "https://github.com/yihui/knitr",
      "RemoteRef": "HEAD",
      "RemoteSha": "ccb07c4c2266666f7375e5df242103672bd629ac",
      "Requirements": [
        "R",
        "evaluate",
        "highr",
        "methods",
        "stringr",
        "tools",
        "xfun",
        "yaml"
      ],
      "Hash": "38576315b36ff360ac76e42f2ebb1227"
    },
    "lattice": {
      "Package": "lattice",
      "Version": "0.20-45",
      "Source": "Repository",
      "Repository": "CRAN",
      "Requirements": [
        "R",
        "grDevices",
        "graphics",
        "grid",
        "stats",
        "utils"
      ],
      "Hash": "b64cdbb2b340437c4ee047a1f4c4377b"
    },
    "lifecycle": {
      "Package": "lifecycle",
      "Version": "1.0.3.9000",
      "Source": "Repository",
      "Repository": "https://r-lib.r-universe.dev",
      "RemoteUrl": "https://github.com/r-lib/lifecycle",
      "RemoteRef": "HEAD",
      "RemoteSha": "80a1e521f995671d062a338856110198b3cdd5e3",
      "Requirements": [
        "R",
        "cli",
        "glue",
        "rlang"
      ],
      "Hash": "ce2bc95768c7e81a8b269002f1af6e51"
    },
    "magrittr": {
      "Package": "magrittr",
      "Version": "2.0.3.9000",
      "Source": "Repository",
      "Repository": "https://tidyverse.r-universe.dev",
      "RemoteUrl": "https://github.com/tidyverse/magrittr",
      "RemoteRef": "HEAD",
      "RemoteSha": "80c262100ef88ddc2bde74896632e0286b5cee6a",
      "Requirements": [
        "R"
      ],
      "Hash": "b693a31f5b43b34187062d04194f0520"
    },
    "memoise": {
      "Package": "memoise",
      "Version": "2.0.1.9000",
      "Source": "Repository",
      "Repository": "https://r-lib.r-universe.dev",
      "RemoteType": "repository",
      "RemoteUrl": "https://github.com/r-lib/memoise",
      "RemoteRef": "HEAD",
      "RemoteSha": "3b0bf3e5fd9239c1dbde5fb2534d61ae5c6c8acf",
      "Requirements": [
        "cachem",
        "rlang"
      ],
      "Hash": "4407d240bfb3d41959c12e8cd8a0bd92"
    },
    "mgcv": {
      "Package": "mgcv",
      "Version": "1.8-41",
      "Source": "Repository",
      "Repository": "CRAN",
      "Requirements": [
        "Matrix",
        "R",
        "graphics",
        "methods",
        "nlme",
        "splines",
        "stats",
        "utils"
      ],
      "Hash": "6b3904f13346742caa3e82dd0303d4ad"
    },
    "mime": {
      "Package": "mime",
      "Version": "0.12.1",
      "Source": "Repository",
      "Repository": "https://yihui.r-universe.dev",
      "RemoteType": "repository",
      "RemoteUrl": "https://github.com/yihui/mime",
      "RemoteRef": "HEAD",
      "RemoteSha": "8773e2b13cf03e3e8a00df774c9a5d7cb3a4de21",
      "Requirements": [
        "tools"
      ],
      "Hash": "3135c530fccff54de4fc516053fa5a2f"
    },
    "nlme": {
      "Package": "nlme",
      "Version": "3.1-160",
      "Source": "Repository",
      "Repository": "CRAN",
      "Requirements": [
        "R",
        "graphics",
        "lattice",
        "stats",
        "utils"
      ],
      "Hash": "02e3c6e7df163aafa8477225e6827bc5"
    },
    "nnet": {
      "Package": "nnet",
      "Version": "7.3-18",
      "Source": "Repository",
      "Repository": "CRAN",
      "Requirements": [
        "R",
        "stats",
        "utils"
      ],
      "Hash": "170da2130d5332bea7d6ede01875ba1d"
    },
    "rappdirs": {
      "Package": "rappdirs",
      "Version": "0.3.3.9000",
      "Source": "Repository",
      "Repository": "https://r-lib.r-universe.dev",
      "RemoteUrl": "https://github.com/r-lib/rappdirs",
      "RemoteRef": "rappdirs",
      "RemoteSha": "0.3.3.9000",
      "RemoteType": "standard",
      "RemotePkgRef": "rappdirs",
      "RemoteRepos": "https://r-lib.r-universe.dev",
      "RemotePkgPlatform": "x86_64-apple-darwin17.0",
      "Requirements": [
        "R"
      ],
      "Hash": "2026db29e01048f626c706cf3778abd6"
    },
    "renv": {
      "Package": "renv",
      "Version": "0.16.0-40",
      "Source": "Repository",
      "Repository": "rstudio",
      "Requirements": [
        "utils"
      ],
      "Hash": "a3bdaa67dc3e51ecf36bf761439d34d0"
    },
    "rlang": {
      "Package": "rlang",
      "Version": "1.0.6.9000",
      "Source": "Repository",
      "Repository": "https://r-lib.r-universe.dev",
      "RemoteUrl": "https://github.com/r-lib/rlang",
      "RemoteRef": "HEAD",
      "RemoteSha": "28a40b59aeff8092909600a56feaa006e5a631d1",
      "Requirements": [
        "R",
        "utils"
      ],
      "Hash": "321df00d50c8cb7dee1b0561c95a3529"
    },
    "rmarkdown": {
      "Package": "rmarkdown",
      "Version": "2.19.1",
      "Source": "Repository",
      "Repository": "https://rstudio.r-universe.dev",
      "RemoteUrl": "https://github.com/rstudio/rmarkdown",
      "RemoteRef": "HEAD",
      "RemoteSha": "c5cf10323d684205efcc1b0198fce496fe325fb0",
      "Requirements": [
        "R",
        "bslib",
        "evaluate",
        "htmltools",
        "jquerylib",
        "jsonlite",
        "knitr",
        "methods",
        "stringr",
        "tinytex",
        "tools",
        "utils",
        "xfun",
        "yaml"
      ],
      "Hash": "f49922626a1a2738a934560db99ab3a3"
    },
    "rpart": {
      "Package": "rpart",
      "Version": "4.1.19",
      "Source": "Repository",
      "Repository": "CRAN",
      "Requirements": [
        "R",
        "grDevices",
        "graphics",
        "stats"
      ],
      "Hash": "b3c892a81783376cc2204af0f5805a80"
    },
    "sass": {
      "Package": "sass",
      "Version": "0.4.4",
      "Source": "Repository",
      "Repository": "CRAN",
      "Requirements": [
        "R6",
        "fs",
        "htmltools",
        "rappdirs",
        "rlang"
      ],
      "Hash": "c76cbac7ca04ce82d8c38e29729987a3"
    },
    "spatial": {
      "Package": "spatial",
      "Version": "7.3-15",
      "Source": "Repository",
      "Repository": "CRAN",
      "Requirements": [
        "R",
        "graphics",
        "stats",
        "utils"
      ],
      "Hash": "c23666fdb7789c8a45e65340bb334607"
    },
    "stringi": {
      "Package": "stringi",
      "Version": "1.7.8",
      "Source": "Repository",
      "Repository": "CRAN",
      "Requirements": [
        "R",
        "stats",
        "tools",
        "utils"
      ],
      "Hash": "a68b980681bcbc84c7a67003fa796bfb"
    },
    "stringr": {
      "Package": "stringr",
      "Version": "1.5.0.9000",
      "Source": "Repository",
      "Repository": "https://tidyverse.r-universe.dev",
      "RemoteUrl": "https://github.com/tidyverse/stringr",
      "RemoteRef": "HEAD",
      "RemoteSha": "e4601f7fdb125faafbd028cb9e32d23ef2d1efed",
      "Requirements": [
        "R",
        "cli",
        "glue",
        "lifecycle",
        "magrittr",
        "rlang",
        "stringi",
        "vctrs"
      ],
      "Hash": "37a66e5c5ea8a0b369bb12947ced3dea"
    },
    "survival": {
      "Package": "survival",
      "Version": "3.4-0",
      "Source": "Repository",
      "Repository": "CRAN",
      "Requirements": [
        "Matrix",
        "R",
        "graphics",
        "methods",
        "splines",
        "stats",
        "utils"
      ],
      "Hash": "04411ae66ab4659230c067c32966fc20"
    },
    "tinytex": {
      "Package": "tinytex",
      "Version": "0.43.1",
      "Source": "Repository",
      "Repository": "https://rstudio.r-universe.dev",
      "RemoteUrl": "https://github.com/rstudio/tinytex",
      "RemoteRef": "HEAD",
      "RemoteSha": "ffe74993f470a94935ccb240e712e7d578fb7f0b",
      "Requirements": [
        "xfun"
      ],
      "Hash": "0c21f2f02796de236644da8f1f5d13f1"
    },
    "vctrs": {
      "Package": "vctrs",
      "Version": "0.5.1.9000",
      "Source": "Repository",
      "Repository": "https://r-lib.r-universe.dev",
      "RemoteUrl": "https://github.com/r-lib/vctrs",
      "RemoteRef": "HEAD",
      "RemoteSha": "48794fd3e486ed3bca7fc3842f625d01eb02ed6b",
      "Requirements": [
        "R",
        "cli",
        "glue",
        "lifecycle",
        "rlang"
      ],
      "Hash": "c3a4404222bd642fc356dca3db7bd5fb"
    },
    "xfun": {
      "Package": "xfun",
      "Version": "0.35.1",
      "Source": "Repository",
      "Repository": "https://yihui.r-universe.dev",
      "RemoteUrl": "https://github.com/yihui/xfun",
      "RemoteRef": "HEAD",
      "RemoteSha": "273404ef6003d59ba2c85aa67c46960d9432beef",
      "Requirements": [
        "stats",
        "tools"
      ],
      "Hash": "aae3aece62cc16de4a40694a775290be"
    },
    "yaml": {
      "Package": "yaml",
      "Version": "2.3.6",
      "Source": "Repository",
      "Repository": "CRAN",
      "Requirements": [],
      "Hash": "9b570515751dcbae610f29885e025b41"
    }
  }
}
